
Microsoft Visual Studio Solution File, Format Version 12.00
# Visual Studio 2012
Project("{FAE04EC0-301F-11D3-BF4B-00C04F79EFBC}") = "YouDecideAPI", "YouDecideAPI\YouDecideAPI.csproj", "{ED638DD5-E755-4B7A-940D-5C94AB425686}"
EndProject
Project("{2150E333-8FDC-42A3-9474-1A3956D46DE8}") = ".nuget", ".nuget", "{3B51E317-A722-4FBF-9F5C-98F4026E40CB}"
	ProjectSection(SolutionItems) = preProject
		.nuget\NuGet.Config = .nuget\NuGet.Config
		.nuget\NuGet.exe = .nuget\NuGet.exe
		.nuget\NuGet.targets = .nuget\NuGet.targets
	EndProjectSection
EndProject
Project("{FAE04EC0-301F-11D3-BF4B-00C04F79EFBC}") = "YouDecide.Domain", "YouDecide.Domain\YouDecide.Domain.csproj", "{893EBEB3-982F-4924-8648-371A974F34D1}"
EndProject
Project("{FAE04EC0-301F-11D3-BF4B-00C04F79EFBC}") = "YouDecide.Mongo", "YouDecide.Mongo\YouDecide.Mongo.csproj", "{557DB2D6-FFAB-42B2-B813-E37BB2FF76A1}"
EndProject
Global
	GlobalSection(SolutionConfigurationPlatforms) = preSolution
		Debug|Any CPU = Debug|Any CPU
		Release|Any CPU = Release|Any CPU
	EndGlobalSection
	GlobalSection(ProjectConfigurationPlatforms) = postSolution
		{ED638DD5-E755-4B7A-940D-5C94AB425686}.Debug|Any CPU.ActiveCfg = Debug|Any CPU
		{ED638DD5-E755-4B7A-940D-5C94AB425686}.Debug|Any CPU.Build.0 = Debug|Any CPU
		{ED638DD5-E755-4B7A-940D-5C94AB425686}.Release|Any CPU.ActiveCfg = Release|Any CPU
		{ED638DD5-E755-4B7A-940D-5C94AB425686}.Release|Any CPU.Build.0 = Release|Any CPU
		{893EBEB3-982F-4924-8648-371A974F34D1}.Debug|Any CPU.ActiveCfg = Debug|Any CPU
		{893EBEB3-982F-4924-8648-371A974F34D1}.Debug|Any CPU.Build.0 = Debug|Any CPU
		{893EBEB3-982F-4924-8648-371A974F34D1}.Release|Any CPU.ActiveCfg = Release|Any CPU
		{893EBEB3-982F-4924-8648-371A974F34D1}.Release|Any CPU.Build.0 = Release|Any CPU
		{557DB2D6-FFAB-42B2-B813-E37BB2FF76A1}.Debug|Any CPU.ActiveCfg = Debug|Any CPU
		{557DB2D6-FFAB-42B2-B813-E37BB2FF76A1}.Debug|Any CPU.Build.0 = Debug|Any CPU
		{557DB2D6-FFAB-42B2-B813-E37BB2FF76A1}.Release|Any CPU.ActiveCfg = Release|Any CPU
		{557DB2D6-FFAB-42B2-B813-E37BB2FF76A1}.Release|Any CPU.Build.0 = Release|Any CPU
	EndGlobalSection
	GlobalSection(SolutionProperties) = preSolution
		HideSolutionNode = FALSE
	EndGlobalSection
EndGlobal
